// !$*UTF8*$!
{
	archiveVersion = 1;
	classes = {
	};
	objectVersion = 56;
	objects = {

/* Begin PBXBuildFile section */
		36DFA9302BA192AD00F4B41D /* BreedModel.swift in Sources */ = {isa = PBXBuildFile; fileRef = 36DFA92F2BA192AD00F4B41D /* BreedModel.swift */; };
		36DFA9362BA1963C00F4B41D /* ImageLoaderModel.swift in Sources */ = {isa = PBXBuildFile; fileRef = 36DFA9352BA1963C00F4B41D /* ImageLoaderModel.swift */; };
		36DFA9382BA19D8400F4B41D /* DetailViewModel.swift in Sources */ = {isa = PBXBuildFile; fileRef = 36DFA9372BA19D8400F4B41D /* DetailViewModel.swift */; };
		36DFA93A2BA19D9000F4B41D /* ViewModel.swift in Sources */ = {isa = PBXBuildFile; fileRef = 36DFA9392BA19D9000F4B41D /* ViewModel.swift */; };
		36DFA93C2BA19E0C00F4B41D /* ImageView.swift in Sources */ = {isa = PBXBuildFile; fileRef = 36DFA93B2BA19E0C00F4B41D /* ImageView.swift */; };
		36DFA93E2BA19E2600F4B41D /* DetailView.swift in Sources */ = {isa = PBXBuildFile; fileRef = 36DFA93D2BA19E2600F4B41D /* DetailView.swift */; };
		36DFA9402BA19E3700F4B41D /* ListView.swift in Sources */ = {isa = PBXBuildFile; fileRef = 36DFA93F2BA19E3700F4B41D /* ListView.swift */; };
		36DFA9422BA19EA400F4B41D /* MainView.swift in Sources */ = {isa = PBXBuildFile; fileRef = 36DFA9412BA19EA400F4B41D /* MainView.swift */; };
		36EC4EC22BA18BD4008F855F /* CatsApp.swift in Sources */ = {isa = PBXBuildFile; fileRef = 36EC4EC12BA18BD4008F855F /* CatsApp.swift */; };
		36EC4EC62BA18BD5008F855F /* Assets.xcassets in Resources */ = {isa = PBXBuildFile; fileRef = 36EC4EC52BA18BD5008F855F /* Assets.xcassets */; };
		36EC4EC92BA18BD5008F855F /* Preview Assets.xcassets in Resources */ = {isa = PBXBuildFile; fileRef = 36EC4EC82BA18BD5008F855F /* Preview Assets.xcassets */; };
/* End PBXBuildFile section */

/* Begin PBXContainerItemProxy section */
		36EC4ECF2BA18BD5008F855F /* PBXContainerItemProxy */ = {
			isa = PBXContainerItemProxy;
			containerPortal = 36EC4EB62BA18BD4008F855F /* Project object */;
			proxyType = 1;
			remoteGlobalIDString = 36EC4EBD2BA18BD4008F855F;
			remoteInfo = CatsApp;
		};
		36EC4ED92BA18BD5008F855F /* PBXContainerItemProxy */ = {
			isa = PBXContainerItemProxy;
			containerPortal = 36EC4EB62BA18BD4008F855F /* Project object */;
			proxyType = 1;
			remoteGlobalIDString = 36EC4EBD2BA18BD4008F855F;
			remoteInfo = CatsApp;
		};
/* End PBXContainerItemProxy section */

/* Begin PBXFileReference section */
		36DFA92F2BA192AD00F4B41D /* BreedModel.swift */ = {isa = PBXFileReference; lastKnownFileType = sourcecode.swift; path = BreedModel.swift; sourceTree = "<group>"; };
		36DFA9352BA1963C00F4B41D /* ImageLoaderModel.swift */ = {isa = PBXFileReference; lastKnownFileType = sourcecode.swift; path = ImageLoaderModel.swift; sourceTree = "<group>"; };
		36DFA9372BA19D8400F4B41D /* DetailViewModel.swift */ = {isa = PBXFileReference; lastKnownFileType = sourcecode.swift; path = DetailViewModel.swift; sourceTree = "<group>"; };
		36DFA9392BA19D9000F4B41D /* ViewModel.swift */ = {isa = PBXFileReference; lastKnownFileType = sourcecode.swift; path = ViewModel.swift; sourceTree = "<group>"; };
		36DFA93B2BA19E0C00F4B41D /* ImageView.swift */ = {isa = PBXFileReference; lastKnownFileType = sourcecode.swift; path = ImageView.swift; sourceTree = "<group>"; };
		36DFA93D2BA19E2600F4B41D /* DetailView.swift */ = {isa = PBXFileReference; lastKnownFileType = sourcecode.swift; path = DetailView.swift; sourceTree = "<group>"; };
		36DFA93F2BA19E3700F4B41D /* ListView.swift */ = {isa = PBXFileReference; lastKnownFileType = sourcecode.swift; path = ListView.swift; sourceTree = "<group>"; };
		36DFA9412BA19EA400F4B41D /* MainView.swift */ = {isa = PBXFileReference; lastKnownFileType = sourcecode.swift; path = MainView.swift; sourceTree = "<group>"; };
		36EC4EBE2BA18BD4008F855F /* CatsApp.app */ = {isa = PBXFileReference; explicitFileType = wrapper.application; includeInIndex = 0; path = CatsApp.app; sourceTree = BUILT_PRODUCTS_DIR; };
		36EC4EC12BA18BD4008F855F /* CatsApp.swift */ = {isa = PBXFileReference; lastKnownFileType = sourcecode.swift; path = CatsApp.swift; sourceTree = "<group>"; };
		36EC4EC52BA18BD5008F855F /* Assets.xcassets */ = {isa = PBXFileReference; lastKnownFileType = folder.assetcatalog; path = Assets.xcassets; sourceTree = "<group>"; };
		36EC4EC82BA18BD5008F855F /* Preview Assets.xcassets */ = {isa = PBXFileReference; lastKnownFileType = folder.assetcatalog; path = "Preview Assets.xcassets"; sourceTree = "<group>"; };
		36EC4ECE2BA18BD5008F855F /* CatsAppTests.xctest */ = {isa = PBXFileReference; explicitFileType = wrapper.cfbundle; includeInIndex = 0; path = CatsAppTests.xctest; sourceTree = BUILT_PRODUCTS_DIR; };
		36EC4ED82BA18BD5008F855F /* CatsAppUITests.xctest */ = {isa = PBXFileReference; explicitFileType = wrapper.cfbundle; includeInIndex = 0; path = CatsAppUITests.xctest; sourceTree = BUILT_PRODUCTS_DIR; };
/* End PBXFileReference section */

/* Begin PBXFrameworksBuildPhase section */
		36EC4EBB2BA18BD4008F855F /* Frameworks */ = {
			isa = PBXFrameworksBuildPhase;
			buildActionMask = 2147483647;
			files = (
			);
			runOnlyForDeploymentPostprocessing = 0;
		};
		36EC4ECB2BA18BD5008F855F /* Frameworks */ = {
			isa = PBXFrameworksBuildPhase;
			buildActionMask = 2147483647;
			files = (
			);
			runOnlyForDeploymentPostprocessing = 0;
		};
		36EC4ED52BA18BD5008F855F /* Frameworks */ = {
			isa = PBXFrameworksBuildPhase;
			buildActionMask = 2147483647;
			files = (
			);
			runOnlyForDeploymentPostprocessing = 0;
		};
/* End PBXFrameworksBuildPhase section */

/* Begin PBXGroup section */
		36DFA92E2BA1929800F4B41D /* Models */ = {
			isa = PBXGroup;
			children = (
				36DFA92F2BA192AD00F4B41D /* BreedModel.swift */,
			);
			path = Models;
			sourceTree = "<group>";
		};
		36DFA9312BA195BF00F4B41D /* ViewModels */ = {
			isa = PBXGroup;
			children = (
				36DFA9352BA1963C00F4B41D /* ImageLoaderModel.swift */,
				36DFA9372BA19D8400F4B41D /* DetailViewModel.swift */,
				36DFA9392BA19D9000F4B41D /* ViewModel.swift */,
			);
			path = ViewModels;
			sourceTree = "<group>";
		};
		36DFA9322BA195C700F4B41D /* Views */ = {
			isa = PBXGroup;
			children = (
				36DFA93B2BA19E0C00F4B41D /* ImageView.swift */,
				36DFA93D2BA19E2600F4B41D /* DetailView.swift */,
				36DFA93F2BA19E3700F4B41D /* ListView.swift */,
				36DFA9412BA19EA400F4B41D /* MainView.swift */,
			);
			path = Views;
			sourceTree = "<group>";
		};
		36EC4EB52BA18BD4008F855F = {
			isa = PBXGroup;
			children = (
				36EC4EC02BA18BD4008F855F /* CatsApp */,
				36EC4EBF2BA18BD4008F855F /* Products */,
			);
			sourceTree = "<group>";
		};
		36EC4EBF2BA18BD4008F855F /* Products */ = {
			isa = PBXGroup;
			children = (
				36EC4EBE2BA18BD4008F855F /* CatsApp.app */,
				36EC4ECE2BA18BD5008F855F /* CatsAppTests.xctest */,
				36EC4ED82BA18BD5008F855F /* CatsAppUITests.xctest */,
			);
			name = Products;
			sourceTree = "<group>";
		};
		36EC4EC02BA18BD4008F855F /* CatsApp */ = {
			isa = PBXGroup;
			children = (
				36DFA9322BA195C700F4B41D /* Views */,
				36DFA9312BA195BF00F4B41D /* ViewModels */,
				36DFA92E2BA1929800F4B41D /* Models */,
				36EC4EC12BA18BD4008F855F /* CatsApp.swift */,
				36EC4EC52BA18BD5008F855F /* Assets.xcassets */,
				36EC4EC72BA18BD5008F855F /* Preview Content */,
			);
			path = CatsApp;
			sourceTree = "<group>";
		};
		36EC4EC72BA18BD5008F855F /* Preview Content */ = {
			isa = PBXGroup;
			children = (
				36EC4EC82BA18BD5008F855F /* Preview Assets.xcassets */,
			);
			path = "Preview Content";
			sourceTree = "<group>";
		};
/* End PBXGroup section */

/* Begin PBXNativeTarget section */
		36EC4EBD2BA18BD4008F855F /* CatsApp */ = {
			isa = PBXNativeTarget;
			buildConfigurationList = 36EC4EE22BA18BD5008F855F /* Build configuration list for PBXNativeTarget "CatsApp" */;
			buildPhases = (
				36EC4EBA2BA18BD4008F855F /* Sources */,
				36EC4EBB2BA18BD4008F855F /* Frameworks */,
				36EC4EBC2BA18BD4008F855F /* Resources */,
			);
			buildRules = (
			);
			dependencies = (
			);
			name = CatsApp;
			productName = CatsApp;
			productReference = 36EC4EBE2BA18BD4008F855F /* CatsApp.app */;
			productType = "com.apple.product-type.application";
		};
		36EC4ECD2BA18BD5008F855F /* CatsAppTests */ = {
			isa = PBXNativeTarget;
			buildConfigurationList = 36EC4EE52BA18BD5008F855F /* Build configuration list for PBXNativeTarget "CatsAppTests" */;
			buildPhases = (
				36EC4ECA2BA18BD5008F855F /* Sources */,
				36EC4ECB2BA18BD5008F855F /* Frameworks */,
				36EC4ECC2BA18BD5008F855F /* Resources */,
			);
			buildRules = (
			);
			dependencies = (
				36EC4ED02BA18BD5008F855F /* PBXTargetDependency */,
			);
			name = CatsAppTests;
			productName = CatsAppTests;
			productReference = 36EC4ECE2BA18BD5008F855F /* CatsAppTests.xctest */;
			productType = "com.apple.product-type.bundle.unit-test";
		};
		36EC4ED72BA18BD5008F855F /* CatsAppUITests */ = {
			isa = PBXNativeTarget;
			buildConfigurationList = 36EC4EE82BA18BD5008F855F /* Build configuration list for PBXNativeTarget "CatsAppUITests" */;
			buildPhases = (
				36EC4ED42BA18BD5008F855F /* Sources */,
				36EC4ED52BA18BD5008F855F /* Frameworks */,
				36EC4ED62BA18BD5008F855F /* Resources */,
			);
			buildRules = (
			);
			dependencies = (
				36EC4EDA2BA18BD5008F855F /* PBXTargetDependency */,
			);
			name = CatsAppUITests;
			productName = CatsAppUITests;
			productReference = 36EC4ED82BA18BD5008F855F /* CatsAppUITests.xctest */;
			productType = "com.apple.product-type.bundle.ui-testing";
		};
/* End PBXNativeTarget section */

/* Begin PBXProject section */
		36EC4EB62BA18BD4008F855F /* Project object */ = {
			isa = PBXProject;
			attributes = {
				BuildIndependentTargetsInParallel = 1;
				LastSwiftUpdateCheck = 1520;
				LastUpgradeCheck = 1520;
				TargetAttributes = {
					36EC4EBD2BA18BD4008F855F = {
						CreatedOnToolsVersion = 15.2;
					};
					36EC4ECD2BA18BD5008F855F = {
						CreatedOnToolsVersion = 15.2;
						TestTargetID = 36EC4EBD2BA18BD4008F855F;
					};
					36EC4ED72BA18BD5008F855F = {
						CreatedOnToolsVersion = 15.2;
						TestTargetID = 36EC4EBD2BA18BD4008F855F;
					};
				};
			};
			buildConfigurationList = 36EC4EB92BA18BD4008F855F /* Build configuration list for PBXProject "CatsApp" */;
			compatibilityVersion = "Xcode 14.0";
			developmentRegion = en;
			hasScannedForEncodings = 0;
			knownRegions = (
				en,
				Base,
			);
			mainGroup = 36EC4EB52BA18BD4008F855F;
			productRefGroup = 36EC4EBF2BA18BD4008F855F /* Products */;
			projectDirPath = "";
			projectRoot = "";
			targets = (
				36EC4EBD2BA18BD4008F855F /* CatsApp */,
				36EC4ECD2BA18BD5008F855F /* CatsAppTests */,
				36EC4ED72BA18BD5008F855F /* CatsAppUITests */,
			);
		};
/* End PBXProject section */

/* Begin PBXResourcesBuildPhase section */
		36EC4EBC2BA18BD4008F855F /* Resources */ = {
			isa = PBXResourcesBuildPhase;
			buildActionMask = 2147483647;
			files = (
				36EC4EC92BA18BD5008F855F /* Preview Assets.xcassets in Resources */,
				36EC4EC62BA18BD5008F855F /* Assets.xcassets in Resources */,
			);
			runOnlyForDeploymentPostprocessing = 0;
		};
		36EC4ECC2BA18BD5008F855F /* Resources */ = {
			isa = PBXResourcesBuildPhase;
			buildActionMask = 2147483647;
			files = (
			);
			runOnlyForDeploymentPostprocessing = 0;
		};
		36EC4ED62BA18BD5008F855F /* Resources */ = {
			isa = PBXResourcesBuildPhase;
			buildActionMask = 2147483647;
			files = (
			);
			runOnlyForDeploymentPostprocessing = 0;
		};
/* End PBXResourcesBuildPhase section */

/* Begin PBXSourcesBuildPhase section */
		36EC4EBA2BA18BD4008F855F /* Sources */ = {
			isa = PBXSourcesBuildPhase;
			buildActionMask = 2147483647;
			files = (
				36DFA9302BA192AD00F4B41D /* BreedModel.swift in Sources */,
				36DFA9362BA1963C00F4B41D /* ImageLoaderModel.swift in Sources */,
				36DFA9422BA19EA400F4B41D /* MainView.swift in Sources */,
				36DFA9382BA19D8400F4B41D /* DetailViewModel.swift in Sources */,
				36DFA93A2BA19D9000F4B41D /* ViewModel.swift in Sources */,
				36DFA9402BA19E3700F4B41D /* ListView.swift in Sources */,
				36DFA93E2BA19E2600F4B41D /* DetailView.swift in Sources */,
				36DFA93C2BA19E0C00F4B41D /* ImageView.swift in Sources */,
				36EC4EC22BA18BD4008F855F /* CatsApp.swift in Sources */,
			);
			runOnlyForDeploymentPostprocessing = 0;
		};
		36EC4ECA2BA18BD5008F855F /* Sources */ = {
			isa = PBXSourcesBuildPhase;
			buildActionMask = 2147483647;
			files = (
			);
			runOnlyForDeploymentPostprocessing = 0;
		};
		36EC4ED42BA18BD5008F855F /* Sources */ = {
			isa = PBXSourcesBuildPhase;
			buildActionMask = 2147483647;
			files = (
			);
			runOnlyForDeploymentPostprocessing = 0;
		};
/* End PBXSourcesBuildPhase section */

/* Begin PBXTargetDependency section */
		36EC4ED02BA18BD5008F855F /* PBXTargetDependency */ = {
			isa = PBXTargetDependency;
			target = 36EC4EBD2BA18BD4008F855F /* CatsApp */;
			targetProxy = 36EC4ECF2BA18BD5008F855F /* PBXContainerItemProxy */;
		};
		36EC4EDA2BA18BD5008F855F /* PBXTargetDependency */ = {
			isa = PBXTargetDependency;
			target = 36EC4EBD2BA18BD4008F855F /* CatsApp */;
			targetProxy = 36EC4ED92BA18BD5008F855F /* PBXContainerItemProxy */;
		};
/* End PBXTargetDependency section */

/* Begin XCBuildConfiguration section */
		36EC4EE02BA18BD5008F855F /* Debug */ = {
			isa = XCBuildConfiguration;
			buildSettings = {
				ALWAYS_SEARCH_USER_PATHS = NO;
				ASSETCATALOG_COMPILER_GENERATE_SWIFT_ASSET_SYMBOL_EXTENSIONS = YES;
				CLANG_ANALYZER_NONNULL = YES;
				CLANG_ANALYZER_NUMBER_OBJECT_CONVERSION = YES_AGGRESSIVE;
				CLANG_CXX_LANGUAGE_STANDARD = "gnu++20";
				CLANG_ENABLE_MODULES = YES;
				CLANG_ENABLE_OBJC_ARC = YES;
				CLANG_ENABLE_OBJC_WEAK = YES;
				CLANG_WARN_BLOCK_CAPTURE_AUTORELEASING = YES;
				CLANG_WARN_BOOL_CONVERSION = YES;
				CLANG_WARN_COMMA = YES;
				CLANG_WARN_CONSTANT_CONVERSION = YES;
				CLANG_WARN_DEPRECATED_OBJC_IMPLEMENTATIONS = YES;
				CLANG_WARN_DIRECT_OBJC_ISA_USAGE = YES_ERROR;
				CLANG_WARN_DOCUMENTATION_COMMENTS = YES;
				CLANG_WARN_EMPTY_BODY = YES;
				CLANG_WARN_ENUM_CONVERSION = YES;
				CLANG_WARN_INFINITE_RECURSION = YES;
				CLANG_WARN_INT_CONVERSION = YES;
				CLANG_WARN_NON_LITERAL_NULL_CONVERSION = YES;
				CLANG_WARN_OBJC_IMPLICIT_RETAIN_SELF = YES;
				CLANG_WARN_OBJC_LITERAL_CONVERSION = YES;
				CLANG_WARN_OBJC_ROOT_CLASS = YES_ERROR;
				CLANG_WARN_QUOTED_INCLUDE_IN_FRAMEWORK_HEADER = YES;
				CLANG_WARN_RANGE_LOOP_ANALYSIS = YES;
				CLANG_WARN_STRICT_PROTOTYPES = YES;
				CLANG_WARN_SUSPICIOUS_MOVE = YES;
				CLANG_WARN_UNGUARDED_AVAILABILITY = YES_AGGRESSIVE;
				CLANG_WARN_UNREACHABLE_CODE = YES;
				CLANG_WARN__DUPLICATE_METHOD_MATCH = YES;
				COPY_PHASE_STRIP = NO;
				DEBUG_INFORMATION_FORMAT = dwarf;
				ENABLE_STRICT_OBJC_MSGSEND = YES;
				ENABLE_TESTABILITY = YES;
				ENABLE_USER_SCRIPT_SANDBOXING = YES;
				GCC_C_LANGUAGE_STANDARD = gnu17;
				GCC_DYNAMIC_NO_PIC = NO;
				GCC_NO_COMMON_BLOCKS = YES;
				GCC_OPTIMIZATION_LEVEL = 0;
				GCC_PREPROCESSOR_DEFINITIONS = (
					"DEBUG=1",
					"$(inherited)",
				);
				GCC_WARN_64_TO_32_BIT_CONVERSION = YES;
				GCC_WARN_ABOUT_RETURN_TYPE = YES_ERROR;
				GCC_WARN_UNDECLARED_SELECTOR = YES;
				GCC_WARN_UNINITIALIZED_AUTOS = YES_AGGRESSIVE;
				GCC_WARN_UNUSED_FUNCTION = YES;
				GCC_WARN_UNUSED_VARIABLE = YES;
				IPHONEOS_DEPLOYMENT_TARGET = 17.2;
				LOCALIZATION_PREFERS_STRING_CATALOGS = YES;
				MTL_ENABLE_DEBUG_INFO = INCLUDE_SOURCE;
				MTL_FAST_MATH = YES;
				ONLY_ACTIVE_ARCH = YES;
				SDKROOT = iphoneos;
				SWIFT_ACTIVE_COMPILATION_CONDITIONS = "DEBUG $(inherited)";
				SWIFT_OPTIMIZATION_LEVEL = "-Onone";
			};
			name = Debug;
		};
		36EC4EE12BA18BD5008F855F /* Release */ = {
			isa = XCBuildConfiguration;
			buildSettings = {
				ALWAYS_SEARCH_USER_PATHS = NO;
				ASSETCATALOG_COMPILER_GENERATE_SWIFT_ASSET_SYMBOL_EXTENSIONS = YES;
				CLANG_ANALYZER_NONNULL = YES;
				CLANG_ANALYZER_NUMBER_OBJECT_CONVERSION = YES_AGGRESSIVE;
				CLANG_CXX_LANGUAGE_STANDARD = "gnu++20";
				CLANG_ENABLE_MODULES = YES;
				CLANG_ENABLE_OBJC_ARC = YES;
				CLANG_ENABLE_OBJC_WEAK = YES;
				CLANG_WARN_BLOCK_CAPTURE_AUTORELEASING = YES;
				CLANG_WARN_BOOL_CONVERSION = YES;
				CLANG_WARN_COMMA = YES;
				CLANG_WARN_CONSTANT_CONVERSION = YES;
				CLANG_WARN_DEPRECATED_OBJC_IMPLEMENTATIONS = YES;
				CLANG_WARN_DIRECT_OBJC_ISA_USAGE = YES_ERROR;
				CLANG_WARN_DOCUMENTATION_COMMENTS = YES;
				CLANG_WARN_EMPTY_BODY = YES;
				CLANG_WARN_ENUM_CONVERSION = YES;
				CLANG_WARN_INFINITE_RECURSION = YES;
				CLANG_WARN_INT_CONVERSION = YES;
				CLANG_WARN_NON_LITERAL_NULL_CONVERSION = YES;
				CLANG_WARN_OBJC_IMPLICIT_RETAIN_SELF = YES;
				CLANG_WARN_OBJC_LITERAL_CONVERSION = YES;
				CLANG_WARN_OBJC_ROOT_CLASS = YES_ERROR;
				CLANG_WARN_QUOTED_INCLUDE_IN_FRAMEWORK_HEADER = YES;
				CLANG_WARN_RANGE_LOOP_ANALYSIS = YES;
				CLANG_WARN_STRICT_PROTOTYPES = YES;
				CLANG_WARN_SUSPICIOUS_MOVE = YES;
				CLANG_WARN_UNGUARDED_AVAILABILITY = YES_AGGRESSIVE;
				CLANG_WARN_UNREACHABLE_CODE = YES;
				CLANG_WARN__DUPLICATE_METHOD_MATCH = YES;
				COPY_PHASE_STRIP = NO;
				DEBUG_INFORMATION_FORMAT = "dwarf-with-dsym";
				ENABLE_NS_ASSERTIONS = NO;
				ENABLE_STRICT_OBJC_MSGSEND = YES;
				ENABLE_USER_SCRIPT_SANDBOXING = YES;
				GCC_C_LANGUAGE_STANDARD = gnu17;
				GCC_NO_COMMON_BLOCKS = YES;
				GCC_WARN_64_TO_32_BIT_CONVERSION = YES;
				GCC_WARN_ABOUT_RETURN_TYPE = YES_ERROR;
				GCC_WARN_UNDECLARED_SELECTOR = YES;
				GCC_WARN_UNINITIALIZED_AUTOS = YES_AGGRESSIVE;
				GCC_WARN_UNUSED_FUNCTION = YES;
				GCC_WARN_UNUSED_VARIABLE = YES;
				IPHONEOS_DEPLOYMENT_TARGET = 17.2;
				LOCALIZATION_PREFERS_STRING_CATALOGS = YES;
				MTL_ENABLE_DEBUG_INFO = NO;
				MTL_FAST_MATH = YES;
				SDKROOT = iphoneos;
				SWIFT_COMPILATION_MODE = wholemodule;
				VALIDATE_PRODUCT = YES;
			};
			name = Release;
		};
		36EC4EE32BA18BD5008F855F /* Debug */ = {
			isa = XCBuildConfiguration;
			buildSettings = {
				ASSETCATALOG_COMPILER_APPICON_NAME = AppIcon;
				ASSETCATALOG_COMPILER_GLOBAL_ACCENT_COLOR_NAME = AccentColor;
				CODE_SIGN_STYLE = Automatic;
				CURRENT_PROJECT_VERSION = 1;
				DEVELOPMENT_ASSET_PATHS = "\"CatsApp/Preview Content\"";
				ENABLE_PREVIEWS = YES;
				GENERATE_INFOPLIST_FILE = YES;
				INFOPLIST_KEY_UIApplicationSceneManifest_Generation = YES;
				INFOPLIST_KEY_UIApplicationSupportsIndirectInputEvents = YES;
				INFOPLIST_KEY_UILaunchScreen_Generation = YES;
				INFOPLIST_KEY_UISupportedInterfaceOrientations_iPad = "UIInterfaceOrientationPortrait UIInterfaceOrientationPortraitUpsideDown UIInterfaceOrientationLandscapeLeft UIInterfaceOrientationLandscapeRight";
				INFOPLIST_KEY_UISupportedInterfaceOrientations_iPhone = "UIInterfaceOrientationPortrait UIInterfaceOrientationLandscapeLeft UIInterfaceOrientationLandscapeRight";
				LD_RUNPATH_SEARCH_PATHS = (
					"$(inherited)",
					"@executable_path/Frameworks",
				);
				MARKETING_VERSION = 1.0;
				PRODUCT_BUNDLE_IDENTIFIER = fhstp.ac.at.CatsApp;
				PRODUCT_NAME = "$(TARGET_NAME)";
				SWIFT_EMIT_LOC_STRINGS = YES;
				SWIFT_VERSION = 5.0;
				TARGETED_DEVICE_FAMILY = "1,2";
			};
			name = Debug;
		};
		36EC4EE42BA18BD5008F855F /* Release */ = {
			isa = XCBuildConfiguration;
			buildSettings = {
				ASSETCATALOG_COMPILER_APPICON_NAME = AppIcon;
				ASSETCATALOG_COMPILER_GLOBAL_ACCENT_COLOR_NAME = AccentColor;
				CODE_SIGN_STYLE = Automatic;
				CURRENT_PROJECT_VERSION = 1;
				DEVELOPMENT_ASSET_PATHS = "\"CatsApp/Preview Content\"";
				ENABLE_PREVIEWS = YES;
				GENERATE_INFOPLIST_FILE = YES;
				INFOPLIST_KEY_UIApplicationSceneManifest_Generation = YES;
				INFOPLIST_KEY_UIApplicationSupportsIndirectInputEvents = YES;
				INFOPLIST_KEY_UILaunchScreen_Generation = YES;
				INFOPLIST_KEY_UISupportedInterfaceOrientations_iPad = "UIInterfaceOrientationPortrait UIInterfaceOrientationPortraitUpsideDown UIInterfaceOrientationLandscapeLeft UIInterfaceOrientationLandscapeRight";
				INFOPLIST_KEY_UISupportedInterfaceOrientations_iPhone = "UIInterfaceOrientationPortrait UIInterfaceOrientationLandscapeLeft UIInterfaceOrientationLandscapeRight";
				LD_RUNPATH_SEARCH_PATHS = (
					"$(inherited)",
					"@executable_path/Frameworks",
				);
				MARKETING_VERSION = 1.0;
				PRODUCT_BUNDLE_IDENTIFIER = fhstp.ac.at.CatsApp;
				PRODUCT_NAME = "$(TARGET_NAME)";
				SWIFT_EMIT_LOC_STRINGS = YES;
				SWIFT_VERSION = 5.0;
				TARGETED_DEVICE_FAMILY = "1,2";
			};
			name = Release;
		};
		36EC4EE62BA18BD5008F855F /* Debug */ = {
			isa = XCBuildConfiguration;
			buildSettings = {
				ALWAYS_EMBED_SWIFT_STANDARD_LIBRARIES = YES;
				BUNDLE_LOADER = "$(TEST_HOST)";
				CODE_SIGN_STYLE = Automatic;
				CURRENT_PROJECT_VERSION = 1;
				GENERATE_INFOPLIST_FILE = YES;
				IPHONEOS_DEPLOYMENT_TARGET = 17.2;
				MARKETING_VERSION = 1.0;
				PRODUCT_BUNDLE_IDENTIFIER = fhstp.ac.at.CatsAppTests;
				PRODUCT_NAME = "$(TARGET_NAME)";
				SWIFT_EMIT_LOC_STRINGS = NO;
				SWIFT_VERSION = 5.0;
				TARGETED_DEVICE_FAMILY = "1,2";
				TEST_HOST = "$(BUILT_PRODUCTS_DIR)/CatsApp.app/$(BUNDLE_EXECUTABLE_FOLDER_PATH)/CatsApp";
			};
			name = Debug;
		};
		36EC4EE72BA18BD5008F855F /* Release */ = {
			isa = XCBuildConfiguration;
			buildSettings = {
				ALWAYS_EMBED_SWIFT_STANDARD_LIBRARIES = YES;
				BUNDLE_LOADER = "$(TEST_HOST)";
				CODE_SIGN_STYLE = Automatic;
				CURRENT_PROJECT_VERSION = 1;
				GENERATE_INFOPLIST_FILE = YES;
				IPHONEOS_DEPLOYMENT_TARGET = 17.2;
				MARKETING_VERSION = 1.0;
				PRODUCT_BUNDLE_IDENTIFIER = fhstp.ac.at.CatsAppTests;
				PRODUCT_NAME = "$(TARGET_NAME)";
				SWIFT_EMIT_LOC_STRINGS = NO;
				SWIFT_VERSION = 5.0;
				TARGETED_DEVICE_FAMILY = "1,2";
				TEST_HOST = "$(BUILT_PRODUCTS_DIR)/CatsApp.app/$(BUNDLE_EXECUTABLE_FOLDER_PATH)/CatsApp";
			};
			name = Release;
		};
		36EC4EE92BA18BD5008F855F /* Debug */ = {
			isa = XCBuildConfiguration;
			buildSettings = {
				ALWAYS_EMBED_SWIFT_STANDARD_LIBRARIES = YES;
				CODE_SIGN_STYLE = Automatic;
				CURRENT_PROJECT_VERSION = 1;
				GENERATE_INFOPLIST_FILE = YES;
				MARKETING_VERSION = 1.0;
				PRODUCT_BUNDLE_IDENTIFIER = fhstp.ac.at.CatsAppUITests;
				PRODUCT_NAME = "$(TARGET_NAME)";
				SWIFT_EMIT_LOC_STRINGS = NO;
				SWIFT_VERSION = 5.0;
				TARGETED_DEVICE_FAMILY = "1,2";
				TEST_TARGET_NAME = CatsApp;
			};
			name = Debug;
		};
		36EC4EEA2BA18BD5008F855F /* Release */ = {
			isa = XCBuildConfiguration;
			buildSettings = {
				ALWAYS_EMBED_SWIFT_STANDARD_LIBRARIES = YES;
				CODE_SIGN_STYLE = Automatic;
				CURRENT_PROJECT_VERSION = 1;
				GENERATE_INFOPLIST_FILE = YES;
				MARKETING_VERSION = 1.0;
				PRODUCT_BUNDLE_IDENTIFIER = fhstp.ac.at.CatsAppUITests;
				PRODUCT_NAME = "$(TARGET_NAME)";
				SWIFT_EMIT_LOC_STRINGS = NO;
				SWIFT_VERSION = 5.0;
				TARGETED_DEVICE_FAMILY = "1,2";
				TEST_TARGET_NAME = CatsApp;
			};
			name = Release;
		};
/* End XCBuildConfiguration section */

/* Begin XCConfigurationList section */
		36EC4EB92BA18BD4008F855F /* Build configuration list for PBXProject "CatsApp" */ = {
			isa = XCConfigurationList;
			buildConfigurations = (
				36EC4EE02BA18BD5008F855F /* Debug */,
				36EC4EE12BA18BD5008F855F /* Release */,
			);
			defaultConfigurationIsVisible = 0;
			defaultConfigurationName = Release;
		};
		36EC4EE22BA18BD5008F855F /* Build configuration list for PBXNativeTarget "CatsApp" */ = {
			isa = XCConfigurationList;
			buildConfigurations = (
				36EC4EE32BA18BD5008F855F /* Debug */,
				36EC4EE42BA18BD5008F855F /* Release */,
			);
			defaultConfigurationIsVisible = 0;
			defaultConfigurationName = Release;
		};
		36EC4EE52BA18BD5008F855F /* Build configuration list for PBXNativeTarget "CatsAppTests" */ = {
			isa = XCConfigurationList;
			buildConfigurations = (
				36EC4EE62BA18BD5008F855F /* Debug */,
				36EC4EE72BA18BD5008F855F /* Release */,
			);
			defaultConfigurationIsVisible = 0;
			defaultConfigurationName = Release;
		};
		36EC4EE82BA18BD5008F855F /* Build configuration list for PBXNativeTarget "CatsAppUITests" */ = {
			isa = XCConfigurationList;
			buildConfigurations = (
				36EC4EE92BA18BD5008F855F /* Debug */,
				36EC4EEA2BA18BD5008F855F /* Release */,
			);
			defaultConfigurationIsVisible = 0;
			defaultConfigurationName = Release;
		};
/* End XCConfigurationList section */
	};
	rootObject = 36EC4EB62BA18BD4008F855F /* Project object */;
}
